// !$*UTF8*$!
{
	archiveVersion = 1;
	classes = {
	};
	objectVersion = 70;
	objects = {

/* Begin PBXBuildFile section */
		C32CC5F62C4E3F4D00E75150 /* Sparkle in Frameworks */ = {isa = PBXBuildFile; productRef = C32CC5F52C4E3F4D00E75150 /* Sparkle */; };
		C36A04F02C336D5B00AEBE3D /* Localizable.xcstrings in Resources */ = {isa = PBXBuildFile; fileRef = C36A04EF2C336D5B00AEBE3D /* Localizable.xcstrings */; };
		C3F5E1C62C2B9FE6004DD66D /* ProxySwitchForMacApp.swift in Sources */ = {isa = PBXBuildFile; fileRef = C3F5E1C52C2B9FE6004DD66D /* ProxySwitchForMacApp.swift */; };
		C3F5E1CC2C2B9FE7004DD66D /* Assets.xcassets in Resources */ = {isa = PBXBuildFile; fileRef = C3F5E1CB2C2B9FE7004DD66D /* Assets.xcassets */; };
		C3F5E1CF2C2B9FE7004DD66D /* Preview Assets.xcassets in Resources */ = {isa = PBXBuildFile; fileRef = C3F5E1CE2C2B9FE7004DD66D /* Preview Assets.xcassets */; };
		C3F5E1F42C2BA0D3004DD66D /* KeyboardShortcuts in Frameworks */ = {isa = PBXBuildFile; productRef = C3F5E1F32C2BA0D3004DD66D /* KeyboardShortcuts */; };
/* End PBXBuildFile section */

/* Begin PBXContainerItemProxy section */
		C3F5E1D62C2B9FE8004DD66D /* PBXContainerItemProxy */ = {
			isa = PBXContainerItemProxy;
			containerPortal = C3F5E1BA2C2B9FE6004DD66D /* Project object */;
			proxyType = 1;
			remoteGlobalIDString = C3F5E1C12C2B9FE6004DD66D;
			remoteInfo = ProxySwitchForMac;
		};
		C3F5E1E02C2B9FE8004DD66D /* PBXContainerItemProxy */ = {
			isa = PBXContainerItemProxy;
			containerPortal = C3F5E1BA2C2B9FE6004DD66D /* Project object */;
			proxyType = 1;
			remoteGlobalIDString = C3F5E1C12C2B9FE6004DD66D;
			remoteInfo = ProxySwitchForMac;
		};
/* End PBXContainerItemProxy section */

/* Begin PBXFileReference section */
		C3491EC12C50D2A8007663C8 /* Info.plist */ = {isa = PBXFileReference; lastKnownFileType = text.plist; path = Info.plist; sourceTree = "<group>"; };
		C36A04EF2C336D5B00AEBE3D /* Localizable.xcstrings */ = {isa = PBXFileReference; lastKnownFileType = text.json.xcstrings; path = Localizable.xcstrings; sourceTree = "<group>"; };
		C3F5E1C22C2B9FE6004DD66D /* ProxySwitchForMac.app */ = {isa = PBXFileReference; explicitFileType = wrapper.application; includeInIndex = 0; path = ProxySwitchForMac.app; sourceTree = BUILT_PRODUCTS_DIR; };
		C3F5E1C52C2B9FE6004DD66D /* ProxySwitchForMacApp.swift */ = {isa = PBXFileReference; lastKnownFileType = sourcecode.swift; path = ProxySwitchForMacApp.swift; sourceTree = "<group>"; };
		C3F5E1CB2C2B9FE7004DD66D /* Assets.xcassets */ = {isa = PBXFileReference; lastKnownFileType = folder.assetcatalog; path = Assets.xcassets; sourceTree = "<group>"; };
		C3F5E1CE2C2B9FE7004DD66D /* Preview Assets.xcassets */ = {isa = PBXFileReference; lastKnownFileType = folder.assetcatalog; path = "Preview Assets.xcassets"; sourceTree = "<group>"; };
		C3F5E1D02C2B9FE7004DD66D /* ProxySwitchForMac.entitlements */ = {isa = PBXFileReference; lastKnownFileType = text.plist.entitlements; path = ProxySwitchForMac.entitlements; sourceTree = "<group>"; };
		C3F5E1D52C2B9FE8004DD66D /* ProxySwitchForMacTests.xctest */ = {isa = PBXFileReference; explicitFileType = wrapper.cfbundle; includeInIndex = 0; path = ProxySwitchForMacTests.xctest; sourceTree = BUILT_PRODUCTS_DIR; };
		C3F5E1DF2C2B9FE8004DD66D /* ProxySwitchForMacUITests.xctest */ = {isa = PBXFileReference; explicitFileType = wrapper.cfbundle; includeInIndex = 0; path = ProxySwitchForMacUITests.xctest; sourceTree = BUILT_PRODUCTS_DIR; };
/* End PBXFileReference section */

/* Begin PBXFileSystemSynchronizedRootGroup section */
		C37A74C02C981F8900336BF1 /* Support */ = {isa = PBXFileSystemSynchronizedRootGroup; explicitFileTypes = {}; explicitFolders = (); path = Support; sourceTree = "<group>"; };
		C37A74C12C981F9700336BF1 /* View */ = {isa = PBXFileSystemSynchronizedRootGroup; explicitFileTypes = {}; explicitFolders = (); path = View; sourceTree = "<group>"; };
/* End PBXFileSystemSynchronizedRootGroup section */

/* Begin PBXFrameworksBuildPhase section */
		C3F5E1BF2C2B9FE6004DD66D /* Frameworks */ = {
			isa = PBXFrameworksBuildPhase;
			buildActionMask = 2147483647;
			files = (
				C3F5E1F42C2BA0D3004DD66D /* KeyboardShortcuts in Frameworks */,
				C32CC5F62C4E3F4D00E75150 /* Sparkle in Frameworks */,
			);
			runOnlyForDeploymentPostprocessing = 0;
		};
		C3F5E1D22C2B9FE8004DD66D /* Frameworks */ = {
			isa = PBXFrameworksBuildPhase;
			buildActionMask = 2147483647;
			files = (
			);
			runOnlyForDeploymentPostprocessing = 0;
		};
		C3F5E1DC2C2B9FE8004DD66D /* Frameworks */ = {
			isa = PBXFrameworksBuildPhase;
			buildActionMask = 2147483647;
			files = (
			);
			runOnlyForDeploymentPostprocessing = 0;
		};
/* End PBXFrameworksBuildPhase section */

/* Begin PBXGroup section */
		C3F5E1B92C2B9FE6004DD66D = {
			isa = PBXGroup;
			children = (
				C3F5E1C42C2B9FE6004DD66D /* ProxySwitchForMac */,
				C3F5E1C32C2B9FE6004DD66D /* Products */,
			);
			sourceTree = "<group>";
		};
		C3F5E1C32C2B9FE6004DD66D /* Products */ = {
			isa = PBXGroup;
			children = (
				C3F5E1C22C2B9FE6004DD66D /* ProxySwitchForMac.app */,
				C3F5E1D52C2B9FE8004DD66D /* ProxySwitchForMacTests.xctest */,
				C3F5E1DF2C2B9FE8004DD66D /* ProxySwitchForMacUITests.xctest */,
			);
			name = Products;
			sourceTree = "<group>";
		};
		C3F5E1C42C2B9FE6004DD66D /* ProxySwitchForMac */ = {
			isa = PBXGroup;
			children = (
				C3F5E1C52C2B9FE6004DD66D /* ProxySwitchForMacApp.swift */,
				C3F5E1CB2C2B9FE7004DD66D /* Assets.xcassets */,
				C3491EC12C50D2A8007663C8 /* Info.plist */,
				C36A04EF2C336D5B00AEBE3D /* Localizable.xcstrings */,
				C3F5E1CD2C2B9FE7004DD66D /* Preview Content */,
				C3F5E1D02C2B9FE7004DD66D /* ProxySwitchForMac.entitlements */,
				C37A74C02C981F8900336BF1 /* Support */,
				C37A74C12C981F9700336BF1 /* View */,
			);
			path = ProxySwitchForMac;
			sourceTree = "<group>";
		};
		C3F5E1CD2C2B9FE7004DD66D /* Preview Content */ = {
			isa = PBXGroup;
			children = (
				C3F5E1CE2C2B9FE7004DD66D /* Preview Assets.xcassets */,
			);
			path = "Preview Content";
			sourceTree = "<group>";
		};
/* End PBXGroup section */

/* Begin PBXNativeTarget section */
		C3F5E1C12C2B9FE6004DD66D /* ProxySwitchForMac */ = {
			isa = PBXNativeTarget;
			buildConfigurationList = C3F5E1E92C2B9FE8004DD66D /* Build configuration list for PBXNativeTarget "ProxySwitchForMac" */;
			buildPhases = (
				C3F5E1BE2C2B9FE6004DD66D /* Sources */,
				C3F5E1BF2C2B9FE6004DD66D /* Frameworks */,
				C3F5E1C02C2B9FE6004DD66D /* Resources */,
			);
			buildRules = (
			);
			dependencies = (
			);
			fileSystemSynchronizedGroups = (
				C37A74C02C981F8900336BF1 /* Support */,
				C37A74C12C981F9700336BF1 /* View */,
			);
			name = ProxySwitchForMac;
			packageProductDependencies = (
				C3F5E1F32C2BA0D3004DD66D /* KeyboardShortcuts */,
				C32CC5F52C4E3F4D00E75150 /* Sparkle */,
			);
			productName = ProxySwitchForMac;
			productReference = C3F5E1C22C2B9FE6004DD66D /* ProxySwitchForMac.app */;
			productType = "com.apple.product-type.application";
		};
		C3F5E1D42C2B9FE8004DD66D /* ProxySwitchForMacTests */ = {
			isa = PBXNativeTarget;
			buildConfigurationList = C3F5E1EC2C2B9FE8004DD66D /* Build configuration list for PBXNativeTarget "ProxySwitchForMacTests" */;
			buildPhases = (
				C3F5E1D12C2B9FE8004DD66D /* Sources */,
				C3F5E1D22C2B9FE8004DD66D /* Frameworks */,
				C3F5E1D32C2B9FE8004DD66D /* Resources */,
			);
			buildRules = (
			);
			dependencies = (
				C3F5E1D72C2B9FE8004DD66D /* PBXTargetDependency */,
			);
			name = ProxySwitchForMacTests;
			productName = ProxySwitchForMacTests;
			productReference = C3F5E1D52C2B9FE8004DD66D /* ProxySwitchForMacTests.xctest */;
			productType = "com.apple.product-type.bundle.unit-test";
		};
		C3F5E1DE2C2B9FE8004DD66D /* ProxySwitchForMacUITests */ = {
			isa = PBXNativeTarget;
			buildConfigurationList = C3F5E1EF2C2B9FE8004DD66D /* Build configuration list for PBXNativeTarget "ProxySwitchForMacUITests" */;
			buildPhases = (
				C3F5E1DB2C2B9FE8004DD66D /* Sources */,
				C3F5E1DC2C2B9FE8004DD66D /* Frameworks */,
				C3F5E1DD2C2B9FE8004DD66D /* Resources */,
			);
			buildRules = (
			);
			dependencies = (
				C3F5E1E12C2B9FE8004DD66D /* PBXTargetDependency */,
			);
			name = ProxySwitchForMacUITests;
			productName = ProxySwitchForMacUITests;
			productReference = C3F5E1DF2C2B9FE8004DD66D /* ProxySwitchForMacUITests.xctest */;
			productType = "com.apple.product-type.bundle.ui-testing";
		};
/* End PBXNativeTarget section */

/* Begin PBXProject section */
		C3F5E1BA2C2B9FE6004DD66D /* Project object */ = {
			isa = PBXProject;
			attributes = {
				BuildIndependentTargetsInParallel = 1;
				LastSwiftUpdateCheck = 1600;
				LastUpgradeCheck = 1610;
				TargetAttributes = {
					C3F5E1C12C2B9FE6004DD66D = {
						CreatedOnToolsVersion = 16.0;
					};
					C3F5E1D42C2B9FE8004DD66D = {
						CreatedOnToolsVersion = 16.0;
						TestTargetID = C3F5E1C12C2B9FE6004DD66D;
					};
					C3F5E1DE2C2B9FE8004DD66D = {
						CreatedOnToolsVersion = 16.0;
						TestTargetID = C3F5E1C12C2B9FE6004DD66D;
					};
				};
			};
			buildConfigurationList = C3F5E1BD2C2B9FE6004DD66D /* Build configuration list for PBXProject "ProxySwitchForMac" */;
			compatibilityVersion = "Xcode 15.0";
			developmentRegion = en;
			hasScannedForEncodings = 0;
			knownRegions = (
				en,
				Base,
				"zh-Hans",
			);
			mainGroup = C3F5E1B92C2B9FE6004DD66D;
			packageReferences = (
				C3F5E1F22C2BA050004DD66D /* XCRemoteSwiftPackageReference "KeyboardShortcuts" */,
				C32CC5F42C4E3F4D00E75150 /* XCRemoteSwiftPackageReference "Sparkle" */,
			);
			productRefGroup = C3F5E1C32C2B9FE6004DD66D /* Products */;
			projectDirPath = "";
			projectRoot = "";
			targets = (
				C3F5E1C12C2B9FE6004DD66D /* ProxySwitchForMac */,
				C3F5E1D42C2B9FE8004DD66D /* ProxySwitchForMacTests */,
				C3F5E1DE2C2B9FE8004DD66D /* ProxySwitchForMacUITests */,
			);
		};
/* End PBXProject section */

/* Begin PBXResourcesBuildPhase section */
		C3F5E1C02C2B9FE6004DD66D /* Resources */ = {
			isa = PBXResourcesBuildPhase;
			buildActionMask = 2147483647;
			files = (
				C3F5E1CF2C2B9FE7004DD66D /* Preview Assets.xcassets in Resources */,
				C36A04F02C336D5B00AEBE3D /* Localizable.xcstrings in Resources */,
				C3F5E1CC2C2B9FE7004DD66D /* Assets.xcassets in Resources */,
			);
			runOnlyForDeploymentPostprocessing = 0;
		};
		C3F5E1D32C2B9FE8004DD66D /* Resources */ = {
			isa = PBXResourcesBuildPhase;
			buildActionMask = 2147483647;
			files = (
			);
			runOnlyForDeploymentPostprocessing = 0;
		};
		C3F5E1DD2C2B9FE8004DD66D /* Resources */ = {
			isa = PBXResourcesBuildPhase;
			buildActionMask = 2147483647;
			files = (
			);
			runOnlyForDeploymentPostprocessing = 0;
		};
/* End PBXResourcesBuildPhase section */

/* Begin PBXSourcesBuildPhase section */
		C3F5E1BE2C2B9FE6004DD66D /* Sources */ = {
			isa = PBXSourcesBuildPhase;
			buildActionMask = 2147483647;
			files = (
				C3F5E1C62C2B9FE6004DD66D /* ProxySwitchForMacApp.swift in Sources */,
			);
			runOnlyForDeploymentPostprocessing = 0;
		};
		C3F5E1D12C2B9FE8004DD66D /* Sources */ = {
			isa = PBXSourcesBuildPhase;
			buildActionMask = 2147483647;
			files = (
			);
			runOnlyForDeploymentPostprocessing = 0;
		};
		C3F5E1DB2C2B9FE8004DD66D /* Sources */ = {
			isa = PBXSourcesBuildPhase;
			buildActionMask = 2147483647;
			files = (
			);
			runOnlyForDeploymentPostprocessing = 0;
		};
/* End PBXSourcesBuildPhase section */

/* Begin PBXTargetDependency section */
		C3F5E1D72C2B9FE8004DD66D /* PBXTargetDependency */ = {
			isa = PBXTargetDependency;
			target = C3F5E1C12C2B9FE6004DD66D /* ProxySwitchForMac */;
			targetProxy = C3F5E1D62C2B9FE8004DD66D /* PBXContainerItemProxy */;
		};
		C3F5E1E12C2B9FE8004DD66D /* PBXTargetDependency */ = {
			isa = PBXTargetDependency;
			target = C3F5E1C12C2B9FE6004DD66D /* ProxySwitchForMac */;
			targetProxy = C3F5E1E02C2B9FE8004DD66D /* PBXContainerItemProxy */;
		};
/* End PBXTargetDependency section */

/* Begin XCBuildConfiguration section */
		C3F5E1E72C2B9FE8004DD66D /* Debug */ = {
			isa = XCBuildConfiguration;
			buildSettings = {
				ALWAYS_SEARCH_USER_PATHS = NO;
				ASSETCATALOG_COMPILER_GENERATE_SWIFT_ASSET_SYMBOL_EXTENSIONS = YES;
				CLANG_ANALYZER_LOCALIZABILITY_NONLOCALIZED = YES;
				CLANG_ANALYZER_NONNULL = YES;
				CLANG_ANALYZER_NUMBER_OBJECT_CONVERSION = YES_AGGRESSIVE;
				CLANG_CXX_LANGUAGE_STANDARD = "gnu++20";
				CLANG_ENABLE_MODULES = YES;
				CLANG_ENABLE_OBJC_ARC = YES;
				CLANG_ENABLE_OBJC_WEAK = YES;
				CLANG_WARN_BLOCK_CAPTURE_AUTORELEASING = YES;
				CLANG_WARN_BOOL_CONVERSION = YES;
				CLANG_WARN_COMMA = YES;
				CLANG_WARN_CONSTANT_CONVERSION = YES;
				CLANG_WARN_DEPRECATED_OBJC_IMPLEMENTATIONS = YES;
				CLANG_WARN_DIRECT_OBJC_ISA_USAGE = YES_ERROR;
				CLANG_WARN_DOCUMENTATION_COMMENTS = YES;
				CLANG_WARN_EMPTY_BODY = YES;
				CLANG_WARN_ENUM_CONVERSION = YES;
				CLANG_WARN_INFINITE_RECURSION = YES;
				CLANG_WARN_INT_CONVERSION = YES;
				CLANG_WARN_NON_LITERAL_NULL_CONVERSION = YES;
				CLANG_WARN_OBJC_IMPLICIT_RETAIN_SELF = YES;
				CLANG_WARN_OBJC_LITERAL_CONVERSION = YES;
				CLANG_WARN_OBJC_ROOT_CLASS = YES_ERROR;
				CLANG_WARN_QUOTED_INCLUDE_IN_FRAMEWORK_HEADER = YES;
				CLANG_WARN_RANGE_LOOP_ANALYSIS = YES;
				CLANG_WARN_STRICT_PROTOTYPES = YES;
				CLANG_WARN_SUSPICIOUS_MOVE = YES;
				CLANG_WARN_UNGUARDED_AVAILABILITY = YES_AGGRESSIVE;
				CLANG_WARN_UNREACHABLE_CODE = YES;
				CLANG_WARN__DUPLICATE_METHOD_MATCH = YES;
				COPY_PHASE_STRIP = NO;
				DEAD_CODE_STRIPPING = YES;
				DEBUG_INFORMATION_FORMAT = dwarf;
				ENABLE_STRICT_OBJC_MSGSEND = YES;
				ENABLE_TESTABILITY = YES;
				ENABLE_USER_SCRIPT_SANDBOXING = YES;
				GCC_C_LANGUAGE_STANDARD = gnu17;
				GCC_DYNAMIC_NO_PIC = NO;
				GCC_NO_COMMON_BLOCKS = YES;
				GCC_OPTIMIZATION_LEVEL = 0;
				GCC_PREPROCESSOR_DEFINITIONS = (
					"DEBUG=1",
					"$(inherited)",
				);
				GCC_WARN_64_TO_32_BIT_CONVERSION = YES;
				GCC_WARN_ABOUT_RETURN_TYPE = YES_ERROR;
				GCC_WARN_UNDECLARED_SELECTOR = YES;
				GCC_WARN_UNINITIALIZED_AUTOS = YES_AGGRESSIVE;
				GCC_WARN_UNUSED_FUNCTION = YES;
				GCC_WARN_UNUSED_VARIABLE = YES;
				LOCALIZATION_PREFERS_STRING_CATALOGS = YES;
				MACOSX_DEPLOYMENT_TARGET = 15.0;
				MTL_ENABLE_DEBUG_INFO = INCLUDE_SOURCE;
				MTL_FAST_MATH = YES;
				ONLY_ACTIVE_ARCH = YES;
				SDKROOT = macosx;
				SWIFT_ACTIVE_COMPILATION_CONDITIONS = "DEBUG $(inherited)";
				SWIFT_EMIT_LOC_STRINGS = YES;
				SWIFT_OPTIMIZATION_LEVEL = "-Onone";
			};
			name = Debug;
		};
		C3F5E1E82C2B9FE8004DD66D /* Release */ = {
			isa = XCBuildConfiguration;
			buildSettings = {
				ALWAYS_SEARCH_USER_PATHS = NO;
				ASSETCATALOG_COMPILER_GENERATE_SWIFT_ASSET_SYMBOL_EXTENSIONS = YES;
				CLANG_ANALYZER_LOCALIZABILITY_NONLOCALIZED = YES;
				CLANG_ANALYZER_NONNULL = YES;
				CLANG_ANALYZER_NUMBER_OBJECT_CONVERSION = YES_AGGRESSIVE;
				CLANG_CXX_LANGUAGE_STANDARD = "gnu++20";
				CLANG_ENABLE_MODULES = YES;
				CLANG_ENABLE_OBJC_ARC = YES;
				CLANG_ENABLE_OBJC_WEAK = YES;
				CLANG_WARN_BLOCK_CAPTURE_AUTORELEASING = YES;
				CLANG_WARN_BOOL_CONVERSION = YES;
				CLANG_WARN_COMMA = YES;
				CLANG_WARN_CONSTANT_CONVERSION = YES;
				CLANG_WARN_DEPRECATED_OBJC_IMPLEMENTATIONS = YES;
				CLANG_WARN_DIRECT_OBJC_ISA_USAGE = YES_ERROR;
				CLANG_WARN_DOCUMENTATION_COMMENTS = YES;
				CLANG_WARN_EMPTY_BODY = YES;
				CLANG_WARN_ENUM_CONVERSION = YES;
				CLANG_WARN_INFINITE_RECURSION = YES;
				CLANG_WARN_INT_CONVERSION = YES;
				CLANG_WARN_NON_LITERAL_NULL_CONVERSION = YES;
				CLANG_WARN_OBJC_IMPLICIT_RETAIN_SELF = YES;
				CLANG_WARN_OBJC_LITERAL_CONVERSION = YES;
				CLANG_WARN_OBJC_ROOT_CLASS = YES_ERROR;
				CLANG_WARN_QUOTED_INCLUDE_IN_FRAMEWORK_HEADER = YES;
				CLANG_WARN_RANGE_LOOP_ANALYSIS = YES;
				CLANG_WARN_STRICT_PROTOTYPES = YES;
				CLANG_WARN_SUSPICIOUS_MOVE = YES;
				CLANG_WARN_UNGUARDED_AVAILABILITY = YES_AGGRESSIVE;
				CLANG_WARN_UNREACHABLE_CODE = YES;
				CLANG_WARN__DUPLICATE_METHOD_MATCH = YES;
				COPY_PHASE_STRIP = NO;
				DEAD_CODE_STRIPPING = YES;
				DEBUG_INFORMATION_FORMAT = "dwarf-with-dsym";
				ENABLE_NS_ASSERTIONS = NO;
				ENABLE_STRICT_OBJC_MSGSEND = YES;
				ENABLE_USER_SCRIPT_SANDBOXING = YES;
				GCC_C_LANGUAGE_STANDARD = gnu17;
				GCC_NO_COMMON_BLOCKS = YES;
				GCC_WARN_64_TO_32_BIT_CONVERSION = YES;
				GCC_WARN_ABOUT_RETURN_TYPE = YES_ERROR;
				GCC_WARN_UNDECLARED_SELECTOR = YES;
				GCC_WARN_UNINITIALIZED_AUTOS = YES_AGGRESSIVE;
				GCC_WARN_UNUSED_FUNCTION = YES;
				GCC_WARN_UNUSED_VARIABLE = YES;
				LOCALIZATION_PREFERS_STRING_CATALOGS = YES;
				MACOSX_DEPLOYMENT_TARGET = 15.0;
				MTL_ENABLE_DEBUG_INFO = NO;
				MTL_FAST_MATH = YES;
				SDKROOT = macosx;
				SWIFT_COMPILATION_MODE = wholemodule;
				SWIFT_EMIT_LOC_STRINGS = YES;
			};
			name = Release;
		};
		C3F5E1EA2C2B9FE8004DD66D /* Debug */ = {
			isa = XCBuildConfiguration;
			buildSettings = {
				ASSETCATALOG_COMPILER_APPICON_NAME = AppIcon;
				ASSETCATALOG_COMPILER_GLOBAL_ACCENT_COLOR_NAME = AccentColor;
				CODE_SIGN_ENTITLEMENTS = ProxySwitchForMac/ProxySwitchForMac.entitlements;
				CODE_SIGN_IDENTITY = "Apple Development";
				"CODE_SIGN_IDENTITY[sdk=macosx*]" = "Apple Development";
				CODE_SIGN_STYLE = Automatic;
				COMBINE_HIDPI_IMAGES = YES;
				CURRENT_PROJECT_VERSION = 1;
				DEAD_CODE_STRIPPING = YES;
				DEVELOPMENT_ASSET_PATHS = "\"ProxySwitchForMac/Preview Content\"";
				DEVELOPMENT_TEAM = SS3RKYSWZB;
				ENABLE_HARDENED_RUNTIME = YES;
				ENABLE_PREVIEWS = YES;
				GENERATE_INFOPLIST_FILE = YES;
				INFOPLIST_FILE = ProxySwitchForMac/Info.plist;
				INFOPLIST_KEY_CFBundleDisplayName = ProxySwitch;
				INFOPLIST_KEY_NSHumanReadableCopyright = "";
				LD_RUNPATH_SEARCH_PATHS = (
					"$(inherited)",
					"@executable_path/../Frameworks",
				);
				MACOSX_DEPLOYMENT_TARGET = 14.0;
				MARKETING_VERSION = 1.2;
				PRODUCT_BUNDLE_IDENTIFIER = org.singularity.ProxySwitchForMac;
				PRODUCT_NAME = "$(TARGET_NAME)";
				PROVISIONING_PROFILE_SPECIFIER = "";
				SWIFT_EMIT_LOC_STRINGS = YES;
				SWIFT_STRICT_CONCURRENCY = complete;
				SWIFT_VERSION = 5.0;
				_EXPERIMENTAL_SWIFT_EXPLICIT_MODULES = YES;
			};
			name = Debug;
		};
		C3F5E1EB2C2B9FE8004DD66D /* Release */ = {
			isa = XCBuildConfiguration;
			buildSettings = {
				ASSETCATALOG_COMPILER_APPICON_NAME = AppIcon;
				ASSETCATALOG_COMPILER_GLOBAL_ACCENT_COLOR_NAME = AccentColor;
				CODE_SIGN_ENTITLEMENTS = ProxySwitchForMac/ProxySwitchForMac.entitlements;
				CODE_SIGN_IDENTITY = "Apple Development";
				"CODE_SIGN_IDENTITY[sdk=macosx*]" = "Apple Development";
				CODE_SIGN_STYLE = Automatic;
				COMBINE_HIDPI_IMAGES = YES;
				CURRENT_PROJECT_VERSION = 1;
				DEAD_CODE_STRIPPING = YES;
				DEVELOPMENT_ASSET_PATHS = "\"ProxySwitchForMac/Preview Content\"";
				DEVELOPMENT_TEAM = SS3RKYSWZB;
				ENABLE_HARDENED_RUNTIME = YES;
				ENABLE_PREVIEWS = YES;
				GENERATE_INFOPLIST_FILE = YES;
				INFOPLIST_FILE = ProxySwitchForMac/Info.plist;
				INFOPLIST_KEY_CFBundleDisplayName = ProxySwitch;
				INFOPLIST_KEY_NSHumanReadableCopyright = "";
				LD_RUNPATH_SEARCH_PATHS = (
					"$(inherited)",
					"@executable_path/../Frameworks",
				);
				MACOSX_DEPLOYMENT_TARGET = 14.0;
				MARKETING_VERSION = 1.2;
				PRODUCT_BUNDLE_IDENTIFIER = org.singularity.ProxySwitchForMac;
				PRODUCT_NAME = "$(TARGET_NAME)";
				PROVISIONING_PROFILE_SPECIFIER = "";
				SWIFT_EMIT_LOC_STRINGS = YES;
				SWIFT_STRICT_CONCURRENCY = complete;
				SWIFT_VERSION = 5.0;
				_EXPERIMENTAL_SWIFT_EXPLICIT_MODULES = YES;
			};
			name = Release;
		};
		C3F5E1ED2C2B9FE8004DD66D /* Debug */ = {
			isa = XCBuildConfiguration;
			buildSettings = {
				BUNDLE_LOADER = "$(TEST_HOST)";
				CODE_SIGN_STYLE = Automatic;
				CURRENT_PROJECT_VERSION = 1;
				DEAD_CODE_STRIPPING = YES;
				DEVELOPMENT_TEAM = SS3RKYSWZB;
				GENERATE_INFOPLIST_FILE = YES;
				MACOSX_DEPLOYMENT_TARGET = 14.0;
				MARKETING_VERSION = 1.0;
				PRODUCT_BUNDLE_IDENTIFIER = org.singularity.ProxySwitchForMacTests;
				PRODUCT_NAME = "$(TARGET_NAME)";
				SWIFT_EMIT_LOC_STRINGS = NO;
				SWIFT_VERSION = 5.0;
				TEST_HOST = "$(BUILT_PRODUCTS_DIR)/ProxySwitchForMac.app/$(BUNDLE_EXECUTABLE_FOLDER_PATH)/ProxySwitchForMac";
			};
			name = Debug;
		};
		C3F5E1EE2C2B9FE8004DD66D /* Release */ = {
			isa = XCBuildConfiguration;
			buildSettings = {
				BUNDLE_LOADER = "$(TEST_HOST)";
				CODE_SIGN_STYLE = Automatic;
				CURRENT_PROJECT_VERSION = 1;
				DEAD_CODE_STRIPPING = YES;
				DEVELOPMENT_TEAM = SS3RKYSWZB;
				GENERATE_INFOPLIST_FILE = YES;
				MACOSX_DEPLOYMENT_TARGET = 14.0;
				MARKETING_VERSION = 1.0;
				PRODUCT_BUNDLE_IDENTIFIER = org.singularity.ProxySwitchForMacTests;
				PRODUCT_NAME = "$(TARGET_NAME)";
				SWIFT_EMIT_LOC_STRINGS = NO;
				SWIFT_VERSION = 5.0;
				TEST_HOST = "$(BUILT_PRODUCTS_DIR)/ProxySwitchForMac.app/$(BUNDLE_EXECUTABLE_FOLDER_PATH)/ProxySwitchForMac";
			};
			name = Release;
		};
		C3F5E1F02C2B9FE8004DD66D /* Debug */ = {
			isa = XCBuildConfiguration;
			buildSettings = {
				CODE_SIGN_STYLE = Automatic;
				CURRENT_PROJECT_VERSION = 1;
				DEAD_CODE_STRIPPING = YES;
				DEVELOPMENT_TEAM = SS3RKYSWZB;
				GENERATE_INFOPLIST_FILE = YES;
				MACOSX_DEPLOYMENT_TARGET = 15.0;
				MARKETING_VERSION = 1.0;
				PRODUCT_BUNDLE_IDENTIFIER = org.singularity.ProxySwitchForMacUITests;
				PRODUCT_NAME = "$(TARGET_NAME)";
				SWIFT_EMIT_LOC_STRINGS = NO;
				SWIFT_VERSION = 5.0;
				TEST_TARGET_NAME = ProxySwitchForMac;
			};
			name = Debug;
		};
		C3F5E1F12C2B9FE8004DD66D /* Release */ = {
			isa = XCBuildConfiguration;
			buildSettings = {
				CODE_SIGN_STYLE = Automatic;
				CURRENT_PROJECT_VERSION = 1;
				DEAD_CODE_STRIPPING = YES;
				DEVELOPMENT_TEAM = SS3RKYSWZB;
				GENERATE_INFOPLIST_FILE = YES;
				MACOSX_DEPLOYMENT_TARGET = 15.0;
				MARKETING_VERSION = 1.0;
				PRODUCT_BUNDLE_IDENTIFIER = org.singularity.ProxySwitchForMacUITests;
				PRODUCT_NAME = "$(TARGET_NAME)";
				SWIFT_EMIT_LOC_STRINGS = NO;
				SWIFT_VERSION = 5.0;
				TEST_TARGET_NAME = ProxySwitchForMac;
			};
			name = Release;
		};
/* End XCBuildConfiguration section */

/* Begin XCConfigurationList section */
		C3F5E1BD2C2B9FE6004DD66D /* Build configuration list for PBXProject "ProxySwitchForMac" */ = {
			isa = XCConfigurationList;
			buildConfigurations = (
				C3F5E1E72C2B9FE8004DD66D /* Debug */,
				C3F5E1E82C2B9FE8004DD66D /* Release */,
			);
			defaultConfigurationIsVisible = 0;
			defaultConfigurationName = Release;
		};
		C3F5E1E92C2B9FE8004DD66D /* Build configuration list for PBXNativeTarget "ProxySwitchForMac" */ = {
			isa = XCConfigurationList;
			buildConfigurations = (
				C3F5E1EA2C2B9FE8004DD66D /* Debug */,
				C3F5E1EB2C2B9FE8004DD66D /* Release */,
			);
			defaultConfigurationIsVisible = 0;
			defaultConfigurationName = Release;
		};
		C3F5E1EC2C2B9FE8004DD66D /* Build configuration list for PBXNativeTarget "ProxySwitchForMacTests" */ = {
			isa = XCConfigurationList;
			buildConfigurations = (
				C3F5E1ED2C2B9FE8004DD66D /* Debug */,
				C3F5E1EE2C2B9FE8004DD66D /* Release */,
			);
			defaultConfigurationIsVisible = 0;
			defaultConfigurationName = Release;
		};
		C3F5E1EF2C2B9FE8004DD66D /* Build configuration list for PBXNativeTarget "ProxySwitchForMacUITests" */ = {
			isa = XCConfigurationList;
			buildConfigurations = (
				C3F5E1F02C2B9FE8004DD66D /* Debug */,
				C3F5E1F12C2B9FE8004DD66D /* Release */,
			);
			defaultConfigurationIsVisible = 0;
			defaultConfigurationName = Release;
		};
/* End XCConfigurationList section */

/* Begin XCRemoteSwiftPackageReference section */
		C32CC5F42C4E3F4D00E75150 /* XCRemoteSwiftPackageReference "Sparkle" */ = {
			isa = XCRemoteSwiftPackageReference;
			repositoryURL = "https://github.com/sparkle-project/Sparkle";
			requirement = {
				kind = upToNextMajorVersion;
				minimumVersion = 2.6.4;
			};
		};
		C3F5E1F22C2BA050004DD66D /* XCRemoteSwiftPackageReference "KeyboardShortcuts" */ = {
			isa = XCRemoteSwiftPackageReference;
			repositoryURL = "https://github.com/sindresorhus/KeyboardShortcuts";
			requirement = {
				kind = upToNextMajorVersion;
				minimumVersion = 2.0.1;
			};
		};
/* End XCRemoteSwiftPackageReference section */

/* Begin XCSwiftPackageProductDependency section */
		C32CC5F52C4E3F4D00E75150 /* Sparkle */ = {
			isa = XCSwiftPackageProductDependency;
			package = C32CC5F42C4E3F4D00E75150 /* XCRemoteSwiftPackageReference "Sparkle" */;
			productName = Sparkle;
		};
		C3F5E1F32C2BA0D3004DD66D /* KeyboardShortcuts */ = {
			isa = XCSwiftPackageProductDependency;
			package = C3F5E1F22C2BA050004DD66D /* XCRemoteSwiftPackageReference "KeyboardShortcuts" */;
			productName = KeyboardShortcuts;
		};
/* End XCSwiftPackageProductDependency section */
	};
	rootObject = C3F5E1BA2C2B9FE6004DD66D /* Project object */;
}
