{
  "originHash" : "5da8aea243ab7d65ebfeffe15fc46957f4eab2e97ede72ca0e988bac528bbbd0",
  "pins" : [
    {
      "identity" : "keyboardshortcuts",
      "kind" : "remoteSourceControl",
      "location" : "https://github.com/sindresorhus/KeyboardShortcuts.git",
      "state" : {
        "revision" : "f7d08ba4109d5ca025e1a64165be169cdf089206",
        "version" : "3.0.0"
      }
    }
  ],
  "version" : 3
}
